lockfileVersion: 5.4

specifiers:
  '@types/vscode': ^1.34.0
  typescript: ^4.7.4

devDependencies:
  '@types/vscode': 1.70.0
  typescript: 4.7.4

packages:

  /@types/vscode/1.70.0:
    resolution: {integrity: sha512-3/9Fz0F2eBgwciazc94Ien+9u1elnjFg9YAhvAb3qDy/WeFWD9VrOPU7CIytryOVUdbxus8uzL4VZYONA0gDtA==}
    dev: true

  /typescript/4.7.4:
    resolution: {integrity: sha512-C0WQT0gezHuw6AdY1M2jxUO83Rjf0HP7Sk1DtXj6j1EwkQNZrHAg2XPWlq62oqEhYvONq5pkC2Y9oPljWToLmQ==}
    engines: {node: '>=4.2.0'}
    hasBin: true
    dev: true
